
Microsoft Visual Studio Solution File, Format Version 12.00
# Visual Studio Version 16
VisualStudioVersion = 16.0.30621.155
MinimumVisualStudioVersion = 10.0.40219.1
Project("{FAE04EC0-301F-11D3-BF4B-00C04F79EFBC}") = "Practice1_WinFOrms", "Practice1_WinFOrms\Practice1_WinFOrms.csproj", "{72A10BEF-DAD2-4467-9844-E6D3EA628A99}"
EndProject
Global
	GlobalSection(SolutionConfigurationPlatforms) = preSolution
		Debug|Any CPU = Debug|Any CPU
		Release|Any CPU = Release|Any CPU
	EndGlobalSection
	GlobalSection(ProjectConfigurationPlatforms) = postSolution
		{72A10BEF-DAD2-4467-9844-E6D3EA628A99}.Debug|Any CPU.ActiveCfg = Debug|Any CPU
		{72A10BEF-DAD2-4467-9844-E6D3EA628A99}.Debug|Any CPU.Build.0 = Debug|Any CPU
		{72A10BEF-DAD2-4467-9844-E6D3EA628A99}.Release|Any CPU.ActiveCfg = Release|Any CPU
		{72A10BEF-DAD2-4467-9844-E6D3EA628A99}.Release|Any CPU.Build.0 = Release|Any CPU
	EndGlobalSection
	GlobalSection(SolutionProperties) = preSolution
		HideSolutionNode = FALSE
	EndGlobalSection
	GlobalSection(ExtensibilityGlobals) = postSolution
		SolutionGuid = {7EC72029-FC73-46C6-A450-FB848DE2A9C7}
	EndGlobalSection
EndGlobal
